{
  "name": "csgo-config",
  "version": "1.0.0",
  "lockfileVersion": 1,
  "requires": true,
  "dependencies": {
    "ansi-colors": {
      "version": "3.2.4",
      "resolved": "https://registry.npmjs.org/ansi-colors/-/ansi-colors-3.2.4.tgz",
      "integrity": "sha512-hHUXGagefjN2iRrID63xckIvotOXOojhQKWIPUZ4mNUZ9nLZW+7FMNoE1lOkEhNWYsx/7ysGIuJYCiMAA9FnrA=="
    },
    "connected-domain": {
      "version": "1.0.0",
      "resolved": "https://registry.npmjs.org/connected-domain/-/connected-domain-1.0.0.tgz",
      "integrity": "sha1-v+dyOMdL5FOnnwy2BY3utPI1jpM="
    },
    "copy-dir": {
      "version": "1.3.0",
      "resolved": "https://registry.npmjs.org/copy-dir/-/copy-dir-1.3.0.tgz",
      "integrity": "sha512-Q4+qBFnN4bwGwvtXXzbp4P/4iNk0MaiGAzvQ8OiMtlLjkIKjmNN689uVzShSM0908q7GoFHXIPx4zi75ocoaHw=="
    },
    "cuint": {
      "version": "0.2.2",
      "resolved": "https://registry.npmjs.org/cuint/-/cuint-0.2.2.tgz",
      "integrity": "sha1-QICG1AlVDCYxFVYZ6fp7ytw7mRs="
    },
    "enquirer": {
      "version": "2.3.5",
      "resolved": "https://registry.npmjs.org/enquirer/-/enquirer-2.3.5.tgz",
      "integrity": "sha512-BNT1C08P9XD0vNg3J475yIUG+mVdp9T6towYFHUv897X0KoHBjB1shyrNmhmtHWKP17iSWgo7Gqh7BBuzLZMSA==",
      "requires": {
        "ansi-colors": "^3.2.1"
      }
    },
    "get-steam-user": {
      "version": "1.0.4",
      "resolved": "https://registry.npmjs.org/get-steam-user/-/get-steam-user-1.0.4.tgz",
      "integrity": "sha512-S0/JZLdtIsz2tlFTd9k1cTD7tYxZfgqenFb6jQyVqAytFtgEXLvIqTbTe/cDXZmNcRJv7/FxHKwnHi+XCzzPvQ==",
      "requires": {
        "simple-vdf2": "^1.2.1",
        "windows-drive-letters": "^3.1.0"
      }
    },
    "simple-vdf2": {
      "version": "1.2.1",
      "resolved": "https://registry.npmjs.org/simple-vdf2/-/simple-vdf2-1.2.1.tgz",
      "integrity": "sha512-u9z57UWkd7DeHO0VAB5uPxy27Ad5xJ8vnzYHqjwEG6GsuOj/KmDFl0bhZFhXeU5+j3FFHo0UKhNESj5wW36jRg=="
    },
    "steamid": {
      "version": "1.1.3",
      "resolved": "https://registry.npmjs.org/steamid/-/steamid-1.1.3.tgz",
      "integrity": "sha512-t86YjtP1LtPt8D+TaIARm6PtC9tBnF1FhxQeLFs6ohG7vDUfQuy/M8II14rx1TTUkVuYoWHP/7DlvTtoCGULcw==",
      "requires": {
        "cuint": "^0.2.1"
      }
    },
    "table-parser": {
      "version": "0.1.3",
      "resolved": "https://registry.npmjs.org/table-parser/-/table-parser-0.1.3.tgz",
      "integrity": "sha1-BEHPzhallIFoTCfRtaZ/8VpDx7A=",
      "requires": {
        "connected-domain": "^1.0.0"
      }
    },
    "windows-drive-letters": {
      "version": "3.1.0",
      "resolved": "https://registry.npmjs.org/windows-drive-letters/-/windows-drive-letters-3.1.0.tgz",
      "integrity": "sha1-zu+K0Bmt8T52Mhynxr68uZc3pnw=",
      "requires": {
        "table-parser": "0.1.3"
      }
    }
  }
}
